
Microsoft Visual Studio Solution File, Format Version 12.00
# Visual Studio 15
VisualStudioVersion = 15.0.28307.852
MinimumVisualStudioVersion = 10.0.40219.1
Project("{159641D6-6404-4A2A-AE62-294DE0FE8301}") = "AWDatamZ", "AWDatamZ\AWDatamZ.dtproj", "{805C452D-DF15-4277-8FBF-FBCC9485F900}"
EndProject
Global
	GlobalSection(SolutionConfigurationPlatforms) = preSolution
		Development|Default = Development|Default
	EndGlobalSection
	GlobalSection(ProjectConfigurationPlatforms) = postSolution
		{805C452D-DF15-4277-8FBF-FBCC9485F900}.Development|Default.ActiveCfg = Development
		{805C452D-DF15-4277-8FBF-FBCC9485F900}.Development|Default.Build.0 = Development
	EndGlobalSection
	GlobalSection(SolutionProperties) = preSolution
		HideSolutionNode = FALSE
	EndGlobalSection
	GlobalSection(ExtensibilityGlobals) = postSolution
		SolutionGuid = {BCD5C10D-FFCC-413C-96D6-7941ABE1CBFB}
	EndGlobalSection
EndGlobal
