
Microsoft Visual Studio Solution File, Format Version 12.00
# Visual Studio 15
VisualStudioVersion = 15.0.28307.329
MinimumVisualStudioVersion = 10.0.40219.1
Project("{00D1A9C2-B5F0-4AF3-8072-F6C62B433612}") = "StatHaZ", "StatHaZ\StatHaZ.sqlproj", "{EF6D9066-A34E-428F-A808-BD3DAFEB0BA6}"
EndProject
Project("{00D1A9C2-B5F0-4AF3-8072-F6C62B433612}") = "WA_StageHurtownia", "WA_StageHurtownia\WA_StageHurtownia.sqlproj", "{6CEF6B52-71AE-4C3D-BFF4-24EF5FCC356B}"
EndProject
Project("{00D1A9C2-B5F0-4AF3-8072-F6C62B433612}") = "WI_StageODS", "WI_StageODS\WI_StageODS.sqlproj", "{FDA0B308-8454-44B8-818C-4962BF771F6B}"
EndProject
Project("{00D1A9C2-B5F0-4AF3-8072-F6C62B433612}") = "CAAC", "CAAC\CAAC.sqlproj", "{945C8EAD-D91E-4886-8429-D563072B0905}"
EndProject
Project("{00D1A9C2-B5F0-4AF3-8072-F6C62B433612}") = "Formatki", "Formatki\Formatki.sqlproj", "{8A651CC0-5B43-4222-8AF4-AE6AC8F92879}"
EndProject
Project("{00D1A9C2-B5F0-4AF3-8072-F6C62B433612}") = "ArchiwumFormatki", "ArchiwumFormatki\ArchiwumFormatki.sqlproj", "{8EC151C6-F451-4A06-AB1C-35F18906DACD}"
EndProject
Project("{00D1A9C2-B5F0-4AF3-8072-F6C62B433612}") = "WI_ODS", "WI_ODS\WI_ODS.sqlproj", "{F965CD41-4168-4404-B706-0105BE6D0827}"
EndProject
Project("{00D1A9C2-B5F0-4AF3-8072-F6C62B433612}") = "WA_Hurtownia", "WA_Hurtownia\WA_Hurtownia.sqlproj", "{59C142C4-B421-4097-9F7C-D22BF8E226A3}"
EndProject
Global
	GlobalSection(SolutionConfigurationPlatforms) = preSolution
		Debug|Any CPU = Debug|Any CPU
		Development|Any CPU = Development|Any CPU
		Release|Any CPU = Release|Any CPU
	EndGlobalSection
	GlobalSection(ProjectConfigurationPlatforms) = postSolution
		{EF6D9066-A34E-428F-A808-BD3DAFEB0BA6}.Debug|Any CPU.ActiveCfg = Debug|Any CPU
		{EF6D9066-A34E-428F-A808-BD3DAFEB0BA6}.Debug|Any CPU.Build.0 = Debug|Any CPU
		{EF6D9066-A34E-428F-A808-BD3DAFEB0BA6}.Debug|Any CPU.Deploy.0 = Debug|Any CPU
		{EF6D9066-A34E-428F-A808-BD3DAFEB0BA6}.Development|Any CPU.ActiveCfg = Debug|Any CPU
		{EF6D9066-A34E-428F-A808-BD3DAFEB0BA6}.Development|Any CPU.Build.0 = Debug|Any CPU
		{EF6D9066-A34E-428F-A808-BD3DAFEB0BA6}.Development|Any CPU.Deploy.0 = Debug|Any CPU
		{EF6D9066-A34E-428F-A808-BD3DAFEB0BA6}.Release|Any CPU.ActiveCfg = Release|Any CPU
		{EF6D9066-A34E-428F-A808-BD3DAFEB0BA6}.Release|Any CPU.Build.0 = Release|Any CPU
		{EF6D9066-A34E-428F-A808-BD3DAFEB0BA6}.Release|Any CPU.Deploy.0 = Release|Any CPU
		{6CEF6B52-71AE-4C3D-BFF4-24EF5FCC356B}.Debug|Any CPU.ActiveCfg = Debug|Any CPU
		{6CEF6B52-71AE-4C3D-BFF4-24EF5FCC356B}.Debug|Any CPU.Build.0 = Debug|Any CPU
		{6CEF6B52-71AE-4C3D-BFF4-24EF5FCC356B}.Debug|Any CPU.Deploy.0 = Debug|Any CPU
		{6CEF6B52-71AE-4C3D-BFF4-24EF5FCC356B}.Development|Any CPU.ActiveCfg = Debug|Any CPU
		{6CEF6B52-71AE-4C3D-BFF4-24EF5FCC356B}.Development|Any CPU.Build.0 = Debug|Any CPU
		{6CEF6B52-71AE-4C3D-BFF4-24EF5FCC356B}.Development|Any CPU.Deploy.0 = Debug|Any CPU
		{6CEF6B52-71AE-4C3D-BFF4-24EF5FCC356B}.Release|Any CPU.ActiveCfg = Release|Any CPU
		{6CEF6B52-71AE-4C3D-BFF4-24EF5FCC356B}.Release|Any CPU.Build.0 = Release|Any CPU
		{6CEF6B52-71AE-4C3D-BFF4-24EF5FCC356B}.Release|Any CPU.Deploy.0 = Release|Any CPU
		{FDA0B308-8454-44B8-818C-4962BF771F6B}.Debug|Any CPU.ActiveCfg = Debug|Any CPU
		{FDA0B308-8454-44B8-818C-4962BF771F6B}.Debug|Any CPU.Build.0 = Debug|Any CPU
		{FDA0B308-8454-44B8-818C-4962BF771F6B}.Debug|Any CPU.Deploy.0 = Debug|Any CPU
		{FDA0B308-8454-44B8-818C-4962BF771F6B}.Development|Any CPU.ActiveCfg = Debug|Any CPU
		{FDA0B308-8454-44B8-818C-4962BF771F6B}.Development|Any CPU.Build.0 = Debug|Any CPU
		{FDA0B308-8454-44B8-818C-4962BF771F6B}.Development|Any CPU.Deploy.0 = Debug|Any CPU
		{FDA0B308-8454-44B8-818C-4962BF771F6B}.Release|Any CPU.ActiveCfg = Release|Any CPU
		{FDA0B308-8454-44B8-818C-4962BF771F6B}.Release|Any CPU.Build.0 = Release|Any CPU
		{FDA0B308-8454-44B8-818C-4962BF771F6B}.Release|Any CPU.Deploy.0 = Release|Any CPU
		{945C8EAD-D91E-4886-8429-D563072B0905}.Debug|Any CPU.ActiveCfg = Debug|Any CPU
		{945C8EAD-D91E-4886-8429-D563072B0905}.Debug|Any CPU.Build.0 = Debug|Any CPU
		{945C8EAD-D91E-4886-8429-D563072B0905}.Debug|Any CPU.Deploy.0 = Debug|Any CPU
		{945C8EAD-D91E-4886-8429-D563072B0905}.Development|Any CPU.ActiveCfg = Debug|Any CPU
		{945C8EAD-D91E-4886-8429-D563072B0905}.Development|Any CPU.Build.0 = Debug|Any CPU
		{945C8EAD-D91E-4886-8429-D563072B0905}.Development|Any CPU.Deploy.0 = Debug|Any CPU
		{945C8EAD-D91E-4886-8429-D563072B0905}.Release|Any CPU.ActiveCfg = Release|Any CPU
		{945C8EAD-D91E-4886-8429-D563072B0905}.Release|Any CPU.Build.0 = Release|Any CPU
		{945C8EAD-D91E-4886-8429-D563072B0905}.Release|Any CPU.Deploy.0 = Release|Any CPU
		{8A651CC0-5B43-4222-8AF4-AE6AC8F92879}.Debug|Any CPU.ActiveCfg = Debug|Any CPU
		{8A651CC0-5B43-4222-8AF4-AE6AC8F92879}.Debug|Any CPU.Build.0 = Debug|Any CPU
		{8A651CC0-5B43-4222-8AF4-AE6AC8F92879}.Debug|Any CPU.Deploy.0 = Debug|Any CPU
		{8A651CC0-5B43-4222-8AF4-AE6AC8F92879}.Development|Any CPU.ActiveCfg = Debug|Any CPU
		{8A651CC0-5B43-4222-8AF4-AE6AC8F92879}.Development|Any CPU.Build.0 = Debug|Any CPU
		{8A651CC0-5B43-4222-8AF4-AE6AC8F92879}.Development|Any CPU.Deploy.0 = Debug|Any CPU
		{8A651CC0-5B43-4222-8AF4-AE6AC8F92879}.Release|Any CPU.ActiveCfg = Release|Any CPU
		{8A651CC0-5B43-4222-8AF4-AE6AC8F92879}.Release|Any CPU.Build.0 = Release|Any CPU
		{8A651CC0-5B43-4222-8AF4-AE6AC8F92879}.Release|Any CPU.Deploy.0 = Release|Any CPU
		{8EC151C6-F451-4A06-AB1C-35F18906DACD}.Debug|Any CPU.ActiveCfg = Debug|Any CPU
		{8EC151C6-F451-4A06-AB1C-35F18906DACD}.Debug|Any CPU.Build.0 = Debug|Any CPU
		{8EC151C6-F451-4A06-AB1C-35F18906DACD}.Debug|Any CPU.Deploy.0 = Debug|Any CPU
		{8EC151C6-F451-4A06-AB1C-35F18906DACD}.Development|Any CPU.ActiveCfg = Debug|Any CPU
		{8EC151C6-F451-4A06-AB1C-35F18906DACD}.Development|Any CPU.Build.0 = Debug|Any CPU
		{8EC151C6-F451-4A06-AB1C-35F18906DACD}.Development|Any CPU.Deploy.0 = Debug|Any CPU
		{8EC151C6-F451-4A06-AB1C-35F18906DACD}.Release|Any CPU.ActiveCfg = Release|Any CPU
		{8EC151C6-F451-4A06-AB1C-35F18906DACD}.Release|Any CPU.Build.0 = Release|Any CPU
		{8EC151C6-F451-4A06-AB1C-35F18906DACD}.Release|Any CPU.Deploy.0 = Release|Any CPU
		{F965CD41-4168-4404-B706-0105BE6D0827}.Debug|Any CPU.ActiveCfg = Debug|Any CPU
		{F965CD41-4168-4404-B706-0105BE6D0827}.Debug|Any CPU.Build.0 = Debug|Any CPU
		{F965CD41-4168-4404-B706-0105BE6D0827}.Debug|Any CPU.Deploy.0 = Debug|Any CPU
		{F965CD41-4168-4404-B706-0105BE6D0827}.Development|Any CPU.ActiveCfg = Debug|Any CPU
		{F965CD41-4168-4404-B706-0105BE6D0827}.Development|Any CPU.Build.0 = Debug|Any CPU
		{F965CD41-4168-4404-B706-0105BE6D0827}.Development|Any CPU.Deploy.0 = Debug|Any CPU
		{F965CD41-4168-4404-B706-0105BE6D0827}.Release|Any CPU.ActiveCfg = Release|Any CPU
		{F965CD41-4168-4404-B706-0105BE6D0827}.Release|Any CPU.Build.0 = Release|Any CPU
		{F965CD41-4168-4404-B706-0105BE6D0827}.Release|Any CPU.Deploy.0 = Release|Any CPU
		{59C142C4-B421-4097-9F7C-D22BF8E226A3}.Debug|Any CPU.ActiveCfg = Debug|Any CPU
		{59C142C4-B421-4097-9F7C-D22BF8E226A3}.Debug|Any CPU.Build.0 = Debug|Any CPU
		{59C142C4-B421-4097-9F7C-D22BF8E226A3}.Debug|Any CPU.Deploy.0 = Debug|Any CPU
		{59C142C4-B421-4097-9F7C-D22BF8E226A3}.Development|Any CPU.ActiveCfg = Debug|Any CPU
		{59C142C4-B421-4097-9F7C-D22BF8E226A3}.Development|Any CPU.Build.0 = Debug|Any CPU
		{59C142C4-B421-4097-9F7C-D22BF8E226A3}.Development|Any CPU.Deploy.0 = Debug|Any CPU
		{59C142C4-B421-4097-9F7C-D22BF8E226A3}.Release|Any CPU.ActiveCfg = Release|Any CPU
		{59C142C4-B421-4097-9F7C-D22BF8E226A3}.Release|Any CPU.Build.0 = Release|Any CPU
		{59C142C4-B421-4097-9F7C-D22BF8E226A3}.Release|Any CPU.Deploy.0 = Release|Any CPU
	EndGlobalSection
	GlobalSection(SolutionProperties) = preSolution
		HideSolutionNode = FALSE
	EndGlobalSection
	GlobalSection(ExtensibilityGlobals) = postSolution
		SolutionGuid = {D22C0F13-1D4E-4268-BFCB-91C6577AF0FE}
	EndGlobalSection
EndGlobal
